##############################################################################################
#  Copyright Accenture. All Rights Reserved.
#
#  SPDX-License-Identifier: Apache-2.0
##############################################################################################

# Calls nested_create_cli to generate the cli value files for the orderer organization
- name: Call nested_create_appchannel_block for the each new orderer
  include_tasks: nested_create_appchannel_block.yaml
  loop: "{{ orderers }}"
  loop_control:
    loop_var: orderer
  when: orderer.status == 'new'
