##############################################################################################
#  Copyright Accenture. All Rights Reserved.
#
#  SPDX-License-Identifier: Apache-2.0
##############################################################################################

############################################################################################
# This task creates the orderer cli and fetch and modify the config block
############################################################################################
# checking for fabric cli
- name: "Check if fabric cli is already present"
  k8s_info:
    kind: Pod
    namespace: "{{ component_ns }}"
    kubeconfig: "{{ org.k8s.config_file }}"
    context: "{{ org.k8s.context }}"
    label_selectors:
      - app = cli
  register: existing_cli

# Create the value file for creater org first peer
- name: "create valuefile for cli {{ peer.name }}-{{ org.name }}"
  include_role:
    name: k8_component
  vars:
    component_type_name: "{{ participant.name }}"
    component_type: "existing_peer_cli_job"    
    component_name: "cli-{{ channel_name }}-{{ org.name }}-{{ peer.name }}"
    peer_name: "{{ peer.name }}"
    vault: "{{ org.vault }}"    
    channel_name: "{{ channel_name }}"
    storage_class: "{{ org.name | lower }}-{{ org.cloud_provider | lower }}-storageclass"
    release_dir: "{{ build_path }}"
  when: existing_cli.resources|length == 0

# Start the cli using the value file created in the previous step
- name: "start cli"
  shell: |
    KUBECONFIG={{ org.k8s.config_file }} helm upgrade --install -f {{ build_path }}/{{ participant.name }}/existing_peer_cli_job.yaml {{ peer.name }}-{{ participant.name }}-cli {{playbook_dir}}/../../../{{org.gitops.chart_source}}/fabric-cli
  when: existing_cli.resources|length == 0

# waiting for fabric cli
- name: "Check if fabric cli is present"
  k8s_info:
    kind: Pod
    namespace: "{{ component_ns }}"
    kubeconfig: "{{ org.k8s.config_file }}"
    context: "{{ org.k8s.context }}"
    label_selectors:
      - app = cli
  register: get_cli
  until: ("Running" in get_cli|json_query('resources[*].status.phase'))
  retries: "{{ network.env.retry_count}}"
  delay: 40

############################################################################################
# This task fetch , modify, update and copy the configuration block from the blockchain with the new orderer information
# from orderer cli
- name: Submit update of the block
  shell: |
    export PEER_CLI=$(KUBECONFIG={{ org.k8s.config_file }} kubectl get po -n {{ component_ns }} | grep "cli" | head -n 1 | awk '{print $1}')
    KUBECONFIG={{ kubernetes.config_file }} kubectl cp {{ build_path }}/{{ channel_name }}_config_update.pb {{ component_ns }}/${PEER_CLI}:/opt/gopath/src/github.com/hyperledger/fabric/peer/{{ channel_name }}_config_update.pb
    KUBECONFIG={{ kubernetes.config_file }} kubectl exec -n {{ component_ns }} ${PEER_CLI} -- peer channel update -f {{ channel_name }}_config_update.pb -o {{ ordererAddress }} -c {{ channel_name }} --tls --cafile ${ORDERER_CA}    
  environment:
    ORDERER_CA: "/opt/gopath/src/github.com/hyperledger/fabric/crypto/orderer/tls/ca.crt"    
  vars: 
    kubernetes: "{{ org.k8s }}"
    ordererAddress: "{{ participant.ordererAddress }}"
